
Microsoft Visual Studio Solution File, Format Version 12.00
# Visual Studio Version 16
VisualStudioVersion = 16.0.31911.196
MinimumVisualStudioVersion = 10.0.40219.1
Project("{FAE04EC0-301F-11D3-BF4B-00C04F79EFBC}") = "Hospital_Management", "CashReceipt\Hospital_Management.csproj", "{20C50D3D-2BC6-4DE2-96B5-DAE1D59FB595}"
EndProject
Project("{54435603-DBB4-11D2-8724-00A0C9A8B90C}") = "Hospital Management", "CashReceiptSetup\CashReceiptSetup.vdproj", "{6E79C124-876A-439E-9D10-1FB4E987968E}"
EndProject
Global
	GlobalSection(SolutionConfigurationPlatforms) = preSolution
		Debug|Any CPU = Debug|Any CPU
		Release|Any CPU = Release|Any CPU
	EndGlobalSection
	GlobalSection(ProjectConfigurationPlatforms) = postSolution
		{20C50D3D-2BC6-4DE2-96B5-DAE1D59FB595}.Debug|Any CPU.ActiveCfg = Debug|Any CPU
		{20C50D3D-2BC6-4DE2-96B5-DAE1D59FB595}.Debug|Any CPU.Build.0 = Debug|Any CPU
		{20C50D3D-2BC6-4DE2-96B5-DAE1D59FB595}.Release|Any CPU.ActiveCfg = Release|Any CPU
		{20C50D3D-2BC6-4DE2-96B5-DAE1D59FB595}.Release|Any CPU.Build.0 = Release|Any CPU
		{6E79C124-876A-439E-9D10-1FB4E987968E}.Debug|Any CPU.ActiveCfg = Debug
		{6E79C124-876A-439E-9D10-1FB4E987968E}.Release|Any CPU.ActiveCfg = Release
	EndGlobalSection
	GlobalSection(SolutionProperties) = preSolution
		HideSolutionNode = FALSE
	EndGlobalSection
	GlobalSection(ExtensibilityGlobals) = postSolution
		SolutionGuid = {D59E3EBD-0E1A-4C0B-8EAD-CE485B06896E}
	EndGlobalSection
EndGlobal
