
Microsoft Visual Studio Solution File, Format Version 12.00
# Visual Studio Version 18
VisualStudioVersion = 18.6.11822.322
MinimumVisualStudioVersion = 10.0.40219.1
Project("{FAE04EC0-301F-11D3-BF4B-00C04F79EFBC}") = "Hospital_Management", "CashReceipt\Hospital_Management.csproj", "{20C50D3D-2BC6-4DE2-96B5-DAE1D59FB595}"
EndProject
Project("{54435603-DBB4-11D2-8724-00A0C9A8B90C}") = "Hospital_Management_Lite", "Hospital_Management_Lite\Hospital_Management_Lite.vdproj", "{88F667EA-B832-53DF-7B32-B6AF56EC28E4}"
EndProject
Global
	GlobalSection(SolutionConfigurationPlatforms) = preSolution
		Debug|Any CPU = Debug|Any CPU
		Debug|ARM64 = Debug|ARM64
		Debug|x64 = Debug|x64
		Debug|x86 = Debug|x86
		Release|Any CPU = Release|Any CPU
		Release|ARM64 = Release|ARM64
		Release|x64 = Release|x64
		Release|x86 = Release|x86
	EndGlobalSection
	GlobalSection(ProjectConfigurationPlatforms) = postSolution
		{20C50D3D-2BC6-4DE2-96B5-DAE1D59FB595}.Debug|Any CPU.ActiveCfg = Debug|Any CPU
		{20C50D3D-2BC6-4DE2-96B5-DAE1D59FB595}.Debug|Any CPU.Build.0 = Debug|Any CPU
		{20C50D3D-2BC6-4DE2-96B5-DAE1D59FB595}.Debug|ARM64.ActiveCfg = Debug|Any CPU
		{20C50D3D-2BC6-4DE2-96B5-DAE1D59FB595}.Debug|ARM64.Build.0 = Debug|Any CPU
		{20C50D3D-2BC6-4DE2-96B5-DAE1D59FB595}.Debug|x64.ActiveCfg = Debug|Any CPU
		{20C50D3D-2BC6-4DE2-96B5-DAE1D59FB595}.Debug|x64.Build.0 = Debug|Any CPU
		{20C50D3D-2BC6-4DE2-96B5-DAE1D59FB595}.Debug|x86.ActiveCfg = Debug|Any CPU
		{20C50D3D-2BC6-4DE2-96B5-DAE1D59FB595}.Debug|x86.Build.0 = Debug|Any CPU
		{20C50D3D-2BC6-4DE2-96B5-DAE1D59FB595}.Release|Any CPU.ActiveCfg = Release|Any CPU
		{20C50D3D-2BC6-4DE2-96B5-DAE1D59FB595}.Release|Any CPU.Build.0 = Release|Any CPU
		{20C50D3D-2BC6-4DE2-96B5-DAE1D59FB595}.Release|ARM64.ActiveCfg = Release|Any CPU
		{20C50D3D-2BC6-4DE2-96B5-DAE1D59FB595}.Release|ARM64.Build.0 = Release|Any CPU
		{20C50D3D-2BC6-4DE2-96B5-DAE1D59FB595}.Release|x64.ActiveCfg = Release|Any CPU
		{20C50D3D-2BC6-4DE2-96B5-DAE1D59FB595}.Release|x64.Build.0 = Release|Any CPU
		{20C50D3D-2BC6-4DE2-96B5-DAE1D59FB595}.Release|x86.ActiveCfg = Release|Any CPU
		{20C50D3D-2BC6-4DE2-96B5-DAE1D59FB595}.Release|x86.Build.0 = Release|Any CPU
		{88F667EA-B832-53DF-7B32-B6AF56EC28E4}.Debug|Any CPU.ActiveCfg = Debug
		{88F667EA-B832-53DF-7B32-B6AF56EC28E4}.Debug|ARM64.ActiveCfg = Debug
		{88F667EA-B832-53DF-7B32-B6AF56EC28E4}.Debug|x64.ActiveCfg = Debug
		{88F667EA-B832-53DF-7B32-B6AF56EC28E4}.Debug|x86.ActiveCfg = Debug
		{88F667EA-B832-53DF-7B32-B6AF56EC28E4}.Release|Any CPU.ActiveCfg = Release
		{88F667EA-B832-53DF-7B32-B6AF56EC28E4}.Release|ARM64.ActiveCfg = Release
		{88F667EA-B832-53DF-7B32-B6AF56EC28E4}.Release|x64.ActiveCfg = Release
		{88F667EA-B832-53DF-7B32-B6AF56EC28E4}.Release|x86.ActiveCfg = Release
	EndGlobalSection
	GlobalSection(SolutionProperties) = preSolution
		HideSolutionNode = FALSE
	EndGlobalSection
	GlobalSection(ExtensibilityGlobals) = postSolution
		SolutionGuid = {D59E3EBD-0E1A-4C0B-8EAD-CE485B06896E}
	EndGlobalSection
EndGlobal
